// !$*UTF8*$!
{
	archiveVersion = 1;
	classes = {
	};
	objectVersion = 51;
	objects = {

/* Begin PBXBuildFile section */
		3B4C0C8507FD361917057F21 /* Pods_AgileBoard.framework in Frameworks */ = {isa = PBXBuildFile; fileRef = D35B2E4913DD45A6D1CE3DCE /* Pods_AgileBoard.framework */; };
		841B42F223844275000871F6 /* IssueCollectionViewLayout.swift in Sources */ = {isa = PBXBuildFile; fileRef = 841B42F123844275000871F6 /* IssueCollectionViewLayout.swift */; };
		841D97A9238E674300483928 /* AppNavigationController.swift in Sources */ = {isa = PBXBuildFile; fileRef = 841D97A8238E674300483928 /* AppNavigationController.swift */; };
		841D97AB238E685200483928 /* AppNavigationBar.swift in Sources */ = {isa = PBXBuildFile; fileRef = 841D97AA238E685200483928 /* AppNavigationBar.swift */; };
		8420628C237AFD7E0076CDAC /* Issue.swift in Sources */ = {isa = PBXBuildFile; fileRef = 8420628B237AFD7E0076CDAC /* Issue.swift */; };
		84245EBC238E551300AE479E /* Sprint.swift in Sources */ = {isa = PBXBuildFile; fileRef = 84245EBB238E551300AE479E /* Sprint.swift */; };
		843C58C52390FFB600F5FAB5 /* ProjectIcon.swift in Sources */ = {isa = PBXBuildFile; fileRef = 843C58C42390FFB600F5FAB5 /* ProjectIcon.swift */; };
		843C58C72390FFF800F5FAB5 /* ProjectIconController.swift in Sources */ = {isa = PBXBuildFile; fileRef = 843C58C62390FFF800F5FAB5 /* ProjectIconController.swift */; };
		843C58C92391049400F5FAB5 /* AppDataController.swift in Sources */ = {isa = PBXBuildFile; fileRef = 843C58C82391049400F5FAB5 /* AppDataController.swift */; };
		843C58CB2391073800F5FAB5 /* AddProjectTableViewController.swift in Sources */ = {isa = PBXBuildFile; fileRef = 843C58CA2391073800F5FAB5 /* AddProjectTableViewController.swift */; };
		843C8984237AE7460050586E /* AppDelegate.swift in Sources */ = {isa = PBXBuildFile; fileRef = 843C8983237AE7460050586E /* AppDelegate.swift */; };
		843C8988237AE7460050586E /* BoardViewController.swift in Sources */ = {isa = PBXBuildFile; fileRef = 843C8987237AE7460050586E /* BoardViewController.swift */; };
		843C898B237AE7460050586E /* Main.storyboard in Resources */ = {isa = PBXBuildFile; fileRef = 843C8989237AE7460050586E /* Main.storyboard */; };
		843C898D237AE7480050586E /* Assets.xcassets in Resources */ = {isa = PBXBuildFile; fileRef = 843C898C237AE7480050586E /* Assets.xcassets */; };
		843C8990237AE7480050586E /* LaunchScreen.storyboard in Resources */ = {isa = PBXBuildFile; fileRef = 843C898E237AE7480050586E /* LaunchScreen.storyboard */; };
		8442DC3B237E7B92008C88C6 /* IssueCollectionViewCell.swift in Sources */ = {isa = PBXBuildFile; fileRef = 8442DC39237E7B92008C88C6 /* IssueCollectionViewCell.swift */; };
		8442DC3C237E7B92008C88C6 /* IssueCollectionViewCell.xib in Resources */ = {isa = PBXBuildFile; fileRef = 8442DC3A237E7B92008C88C6 /* IssueCollectionViewCell.xib */; };
		8442DC3F237E7DF8008C88C6 /* IssueTableViewCell.swift in Sources */ = {isa = PBXBuildFile; fileRef = 8442DC3D237E7DF8008C88C6 /* IssueTableViewCell.swift */; };
		8442DC40237E7DF8008C88C6 /* IssueTableViewCell.xib in Resources */ = {isa = PBXBuildFile; fileRef = 8442DC3E237E7DF8008C88C6 /* IssueTableViewCell.xib */; };
		8442DC42237E969C008C88C6 /* Identifier.swift in Sources */ = {isa = PBXBuildFile; fileRef = 8442DC41237E969C008C88C6 /* Identifier.swift */; };
		845227CF238CFC61000607A8 /* IssueCollectionViewController.swift in Sources */ = {isa = PBXBuildFile; fileRef = 845227CE238CFC61000607A8 /* IssueCollectionViewController.swift */; };
		845227D1238D22FE000607A8 /* IssueCollectionView.swift in Sources */ = {isa = PBXBuildFile; fileRef = 845227D0238D22FE000607A8 /* IssueCollectionView.swift */; };
		84584E27238ED999000408AE /* AddIssueViewController.swift in Sources */ = {isa = PBXBuildFile; fileRef = 84584E26238ED999000408AE /* AddIssueViewController.swift */; };
		84584E29238EDBDD000408AE /* SearchProjectViewController.swift in Sources */ = {isa = PBXBuildFile; fileRef = 84584E28238EDBDD000408AE /* SearchProjectViewController.swift */; };
		8458B443237CF98500D6D473 /* ShadowView.swift in Sources */ = {isa = PBXBuildFile; fileRef = 8458B442237CF98500D6D473 /* ShadowView.swift */; };
		846757A22390AF0F009BD2DE /* RoundImageView.swift in Sources */ = {isa = PBXBuildFile; fileRef = 846757A12390AF0F009BD2DE /* RoundImageView.swift */; };
		8468D494238FA69F006B02D4 /* IssueType.swift in Sources */ = {isa = PBXBuildFile; fileRef = 8468D493238FA69F006B02D4 /* IssueType.swift */; };
		8468D497238FA76E006B02D4 /* IssueTypeController.swift in Sources */ = {isa = PBXBuildFile; fileRef = 8468D496238FA76E006B02D4 /* IssueTypeController.swift */; };
		8468D499238FBD71006B02D4 /* StatusController.swift in Sources */ = {isa = PBXBuildFile; fileRef = 8468D498238FBD71006B02D4 /* StatusController.swift */; };
		846B6A8C238CCA7600569BC2 /* IssuePageControlView.swift in Sources */ = {isa = PBXBuildFile; fileRef = 846B6A8B238CCA7600569BC2 /* IssuePageControlView.swift */; };
		847A78102387711600911851 /* Status.swift in Sources */ = {isa = PBXBuildFile; fileRef = 847A780F2387711600911851 /* Status.swift */; };
		847A78122387745D00911851 /* Board.swift in Sources */ = {isa = PBXBuildFile; fileRef = 847A78112387745D00911851 /* Board.swift */; };
		847A78142387758F00911851 /* Project.swift in Sources */ = {isa = PBXBuildFile; fileRef = 847A78132387758F00911851 /* Project.swift */; };
		847A781623877FB500911851 /* Column.swift in Sources */ = {isa = PBXBuildFile; fileRef = 847A781523877FB500911851 /* Column.swift */; };
		847A781823878AEC00911851 /* ProjectController.swift in Sources */ = {isa = PBXBuildFile; fileRef = 847A781723878AEC00911851 /* ProjectController.swift */; };
		84A51AC0237AF8DD00477B75 /* IssueTableViewController.swift in Sources */ = {isa = PBXBuildFile; fileRef = 84A51ABF237AF8DD00477B75 /* IssueTableViewController.swift */; };
		84B5F72F238F647F00D344C3 /* SearchProjectTableViewCell.swift in Sources */ = {isa = PBXBuildFile; fileRef = 84B5F72E238F647F00D344C3 /* SearchProjectTableViewCell.swift */; };
		84B5F731238F806B00D344C3 /* SelectIssueTypeTableViewController.swift in Sources */ = {isa = PBXBuildFile; fileRef = 84B5F730238F806B00D344C3 /* SelectIssueTypeTableViewController.swift */; };
		84B5F733238F860C00D344C3 /* IssueTypeTableViewCell.swift in Sources */ = {isa = PBXBuildFile; fileRef = 84B5F732238F860C00D344C3 /* IssueTypeTableViewCell.swift */; };
		84BF40C1237D47C800600AE7 /* UIPanGestureRecognizer+Extension.swift in Sources */ = {isa = PBXBuildFile; fileRef = 84BF40C0237D47C800600AE7 /* UIPanGestureRecognizer+Extension.swift */; };
		84C340E42388361D00C65AC9 /* ProjectTableViewController.swift in Sources */ = {isa = PBXBuildFile; fileRef = 84C340E32388361D00C65AC9 /* ProjectTableViewController.swift */; };
		84C340E62388368900C65AC9 /* ProjectTableViewCell.swift in Sources */ = {isa = PBXBuildFile; fileRef = 84C340E52388368900C65AC9 /* ProjectTableViewCell.swift */; };
		84DB1E02237B0EFA008BB31A /* IssueTableView.swift in Sources */ = {isa = PBXBuildFile; fileRef = 84DB1E01237B0EFA008BB31A /* IssueTableView.swift */; };
		84F49ABA238E4C72002B8B93 /* CircleImageView.swift in Sources */ = {isa = PBXBuildFile; fileRef = 84F49AB9238E4C72002B8B93 /* CircleImageView.swift */; };
		84F49ABC238E4D04002B8B93 /* AssigneeImageView.swift in Sources */ = {isa = PBXBuildFile; fileRef = 84F49ABB238E4D04002B8B93 /* AssigneeImageView.swift */; };
		84F56A05237C5B56007E6C68 /* UIColor+Extention.swift in Sources */ = {isa = PBXBuildFile; fileRef = 84F56A04237C5B56007E6C68 /* UIColor+Extention.swift */; };
		84F5FF9C238538FB00F2E966 /* DragIssueItem.swift in Sources */ = {isa = PBXBuildFile; fileRef = 84F5FF9B238538FB00F2E966 /* DragIssueItem.swift */; };
/* End PBXBuildFile section */

/* Begin PBXFileReference section */
		841B42F123844275000871F6 /* IssueCollectionViewLayout.swift */ = {isa = PBXFileReference; lastKnownFileType = sourcecode.swift; path = IssueCollectionViewLayout.swift; sourceTree = "<group>"; };
		841D97A8238E674300483928 /* AppNavigationController.swift */ = {isa = PBXFileReference; lastKnownFileType = sourcecode.swift; path = AppNavigationController.swift; sourceTree = "<group>"; };
		841D97AA238E685200483928 /* AppNavigationBar.swift */ = {isa = PBXFileReference; lastKnownFileType = sourcecode.swift; path = AppNavigationBar.swift; sourceTree = "<group>"; };
		8420628B237AFD7E0076CDAC /* Issue.swift */ = {isa = PBXFileReference; lastKnownFileType = sourcecode.swift; path = Issue.swift; sourceTree = "<group>"; };
		84245EBB238E551300AE479E /* Sprint.swift */ = {isa = PBXFileReference; lastKnownFileType = sourcecode.swift; path = Sprint.swift; sourceTree = "<group>"; };
		843C58C42390FFB600F5FAB5 /* ProjectIcon.swift */ = {isa = PBXFileReference; lastKnownFileType = sourcecode.swift; path = ProjectIcon.swift; sourceTree = "<group>"; };
		843C58C62390FFF800F5FAB5 /* ProjectIconController.swift */ = {isa = PBXFileReference; lastKnownFileType = sourcecode.swift; path = ProjectIconController.swift; sourceTree = "<group>"; };
		843C58C82391049400F5FAB5 /* AppDataController.swift */ = {isa = PBXFileReference; lastKnownFileType = sourcecode.swift; path = AppDataController.swift; sourceTree = "<group>"; };
		843C58CA2391073800F5FAB5 /* AddProjectTableViewController.swift */ = {isa = PBXFileReference; lastKnownFileType = sourcecode.swift; path = AddProjectTableViewController.swift; sourceTree = "<group>"; };
		843C8980237AE7460050586E /* AgileBoard.app */ = {isa = PBXFileReference; explicitFileType = wrapper.application; includeInIndex = 0; path = AgileBoard.app; sourceTree = BUILT_PRODUCTS_DIR; };
		843C8983237AE7460050586E /* AppDelegate.swift */ = {isa = PBXFileReference; lastKnownFileType = sourcecode.swift; path = AppDelegate.swift; sourceTree = "<group>"; };
		843C8987237AE7460050586E /* BoardViewController.swift */ = {isa = PBXFileReference; lastKnownFileType = sourcecode.swift; path = BoardViewController.swift; sourceTree = "<group>"; };
		843C898A237AE7460050586E /* Base */ = {isa = PBXFileReference; lastKnownFileType = file.storyboard; name = Base; path = Base.lproj/Main.storyboard; sourceTree = "<group>"; };
		843C898C237AE7480050586E /* Assets.xcassets */ = {isa = PBXFileReference; lastKnownFileType = folder.assetcatalog; path = Assets.xcassets; sourceTree = "<group>"; };
		843C898F237AE7480050586E /* Base */ = {isa = PBXFileReference; lastKnownFileType = file.storyboard; name = Base; path = Base.lproj/LaunchScreen.storyboard; sourceTree = "<group>"; };
		843C8991237AE7480050586E /* Info.plist */ = {isa = PBXFileReference; lastKnownFileType = text.plist.xml; path = Info.plist; sourceTree = "<group>"; };
		8442DC39237E7B92008C88C6 /* IssueCollectionViewCell.swift */ = {isa = PBXFileReference; lastKnownFileType = sourcecode.swift; name = IssueCollectionViewCell.swift; path = AgileBoard/View/IssueCollectionViewCell.swift; sourceTree = SOURCE_ROOT; };
		8442DC3A237E7B92008C88C6 /* IssueCollectionViewCell.xib */ = {isa = PBXFileReference; lastKnownFileType = file.xib; name = IssueCollectionViewCell.xib; path = AgileBoard/View/IssueCollectionViewCell.xib; sourceTree = SOURCE_ROOT; };
		8442DC3D237E7DF8008C88C6 /* IssueTableViewCell.swift */ = {isa = PBXFileReference; lastKnownFileType = sourcecode.swift; name = IssueTableViewCell.swift; path = AgileBoard/View/IssueTableViewCell.swift; sourceTree = SOURCE_ROOT; };
		8442DC3E237E7DF8008C88C6 /* IssueTableViewCell.xib */ = {isa = PBXFileReference; lastKnownFileType = file.xib; name = IssueTableViewCell.xib; path = AgileBoard/View/IssueTableViewCell.xib; sourceTree = SOURCE_ROOT; };
		8442DC41237E969C008C88C6 /* Identifier.swift */ = {isa = PBXFileReference; lastKnownFileType = sourcecode.swift; path = Identifier.swift; sourceTree = "<group>"; };
		845227CE238CFC61000607A8 /* IssueCollectionViewController.swift */ = {isa = PBXFileReference; lastKnownFileType = sourcecode.swift; path = IssueCollectionViewController.swift; sourceTree = "<group>"; };
		845227D0238D22FE000607A8 /* IssueCollectionView.swift */ = {isa = PBXFileReference; lastKnownFileType = sourcecode.swift; path = IssueCollectionView.swift; sourceTree = "<group>"; };
		84584E26238ED999000408AE /* AddIssueViewController.swift */ = {isa = PBXFileReference; lastKnownFileType = sourcecode.swift; path = AddIssueViewController.swift; sourceTree = "<group>"; };
		84584E28238EDBDD000408AE /* SearchProjectViewController.swift */ = {isa = PBXFileReference; lastKnownFileType = sourcecode.swift; path = SearchProjectViewController.swift; sourceTree = "<group>"; };
		8458B442237CF98500D6D473 /* ShadowView.swift */ = {isa = PBXFileReference; lastKnownFileType = sourcecode.swift; path = ShadowView.swift; sourceTree = "<group>"; };
		846757A12390AF0F009BD2DE /* RoundImageView.swift */ = {isa = PBXFileReference; lastKnownFileType = sourcecode.swift; path = RoundImageView.swift; sourceTree = "<group>"; };
		8468D493238FA69F006B02D4 /* IssueType.swift */ = {isa = PBXFileReference; lastKnownFileType = sourcecode.swift; path = IssueType.swift; sourceTree = "<group>"; };
		8468D496238FA76E006B02D4 /* IssueTypeController.swift */ = {isa = PBXFileReference; lastKnownFileType = sourcecode.swift; path = IssueTypeController.swift; sourceTree = "<group>"; };
		8468D498238FBD71006B02D4 /* StatusController.swift */ = {isa = PBXFileReference; lastKnownFileType = sourcecode.swift; path = StatusController.swift; sourceTree = "<group>"; };
		846B6A8B238CCA7600569BC2 /* IssuePageControlView.swift */ = {isa = PBXFileReference; lastKnownFileType = sourcecode.swift; path = IssuePageControlView.swift; sourceTree = "<group>"; };
		847A780F2387711600911851 /* Status.swift */ = {isa = PBXFileReference; lastKnownFileType = sourcecode.swift; path = Status.swift; sourceTree = "<group>"; };
		847A78112387745D00911851 /* Board.swift */ = {isa = PBXFileReference; lastKnownFileType = sourcecode.swift; path = Board.swift; sourceTree = "<group>"; };
		847A78132387758F00911851 /* Project.swift */ = {isa = PBXFileReference; lastKnownFileType = sourcecode.swift; path = Project.swift; sourceTree = "<group>"; };
		847A781523877FB500911851 /* Column.swift */ = {isa = PBXFileReference; lastKnownFileType = sourcecode.swift; path = Column.swift; sourceTree = "<group>"; };
		847A781723878AEC00911851 /* ProjectController.swift */ = {isa = PBXFileReference; lastKnownFileType = sourcecode.swift; path = ProjectController.swift; sourceTree = "<group>"; };
		84A51ABF237AF8DD00477B75 /* IssueTableViewController.swift */ = {isa = PBXFileReference; lastKnownFileType = sourcecode.swift; path = IssueTableViewController.swift; sourceTree = "<group>"; };
		84B5F72E238F647F00D344C3 /* SearchProjectTableViewCell.swift */ = {isa = PBXFileReference; lastKnownFileType = sourcecode.swift; path = SearchProjectTableViewCell.swift; sourceTree = "<group>"; };
		84B5F730238F806B00D344C3 /* SelectIssueTypeTableViewController.swift */ = {isa = PBXFileReference; lastKnownFileType = sourcecode.swift; path = SelectIssueTypeTableViewController.swift; sourceTree = "<group>"; };
		84B5F732238F860C00D344C3 /* IssueTypeTableViewCell.swift */ = {isa = PBXFileReference; lastKnownFileType = sourcecode.swift; path = IssueTypeTableViewCell.swift; sourceTree = "<group>"; };
		84BF40C0237D47C800600AE7 /* UIPanGestureRecognizer+Extension.swift */ = {isa = PBXFileReference; lastKnownFileType = sourcecode.swift; path = "UIPanGestureRecognizer+Extension.swift"; sourceTree = SOURCE_ROOT; };
		84C340E32388361D00C65AC9 /* ProjectTableViewController.swift */ = {isa = PBXFileReference; lastKnownFileType = sourcecode.swift; path = ProjectTableViewController.swift; sourceTree = "<group>"; };
		84C340E52388368900C65AC9 /* ProjectTableViewCell.swift */ = {isa = PBXFileReference; lastKnownFileType = sourcecode.swift; path = ProjectTableViewCell.swift; sourceTree = "<group>"; };
		84DB1E01237B0EFA008BB31A /* IssueTableView.swift */ = {isa = PBXFileReference; lastKnownFileType = sourcecode.swift; path = IssueTableView.swift; sourceTree = "<group>"; };
		84F49AB9238E4C72002B8B93 /* CircleImageView.swift */ = {isa = PBXFileReference; lastKnownFileType = sourcecode.swift; path = CircleImageView.swift; sourceTree = "<group>"; };
		84F49ABB238E4D04002B8B93 /* AssigneeImageView.swift */ = {isa = PBXFileReference; lastKnownFileType = sourcecode.swift; path = AssigneeImageView.swift; sourceTree = "<group>"; };
		84F56A04237C5B56007E6C68 /* UIColor+Extention.swift */ = {isa = PBXFileReference; lastKnownFileType = sourcecode.swift; name = "UIColor+Extention.swift"; path = "AgileBoard/View/UIColor+Extention.swift"; sourceTree = SOURCE_ROOT; };
		84F5FF9B238538FB00F2E966 /* DragIssueItem.swift */ = {isa = PBXFileReference; lastKnownFileType = sourcecode.swift; path = DragIssueItem.swift; sourceTree = "<group>"; };
		9A81CE3668EF1D469EACE232 /* Pods-AgileBoard.release.xcconfig */ = {isa = PBXFileReference; includeInIndex = 1; lastKnownFileType = text.xcconfig; name = "Pods-AgileBoard.release.xcconfig"; path = "Target Support Files/Pods-AgileBoard/Pods-AgileBoard.release.xcconfig"; sourceTree = "<group>"; };
		C50DE2C26859733515BCE587 /* Pods-AgileBoard.debug.xcconfig */ = {isa = PBXFileReference; includeInIndex = 1; lastKnownFileType = text.xcconfig; name = "Pods-AgileBoard.debug.xcconfig"; path = "Target Support Files/Pods-AgileBoard/Pods-AgileBoard.debug.xcconfig"; sourceTree = "<group>"; };
		D35B2E4913DD45A6D1CE3DCE /* Pods_AgileBoard.framework */ = {isa = PBXFileReference; explicitFileType = wrapper.framework; includeInIndex = 0; path = Pods_AgileBoard.framework; sourceTree = BUILT_PRODUCTS_DIR; };
/* End PBXFileReference section */

/* Begin PBXFrameworksBuildPhase section */
		843C897D237AE7460050586E /* Frameworks */ = {
			isa = PBXFrameworksBuildPhase;
			buildActionMask = 2147483647;
			files = (
				3B4C0C8507FD361917057F21 /* Pods_AgileBoard.framework in Frameworks */,
			);
			runOnlyForDeploymentPostprocessing = 0;
		};
/* End PBXFrameworksBuildPhase section */

/* Begin PBXGroup section */
		46A71542EFECC73ABABC71F3 /* Frameworks */ = {
			isa = PBXGroup;
			children = (
				D35B2E4913DD45A6D1CE3DCE /* Pods_AgileBoard.framework */,
			);
			name = Frameworks;
			sourceTree = "<group>";
		};
		79FD8BA0861C60C87775EE90 /* Pods */ = {
			isa = PBXGroup;
			children = (
				C50DE2C26859733515BCE587 /* Pods-AgileBoard.debug.xcconfig */,
				9A81CE3668EF1D469EACE232 /* Pods-AgileBoard.release.xcconfig */,
			);
			path = Pods;
			sourceTree = "<group>";
		};
		8420628A237AFD690076CDAC /* Model */ = {
			isa = PBXGroup;
			children = (
				8420628B237AFD7E0076CDAC /* Issue.swift */,
				84245EBB238E551300AE479E /* Sprint.swift */,
				847A780F2387711600911851 /* Status.swift */,
				847A78112387745D00911851 /* Board.swift */,
				847A78132387758F00911851 /* Project.swift */,
				847A781523877FB500911851 /* Column.swift */,
				8468D493238FA69F006B02D4 /* IssueType.swift */,
				843C58C42390FFB600F5FAB5 /* ProjectIcon.swift */,
			);
			path = Model;
			sourceTree = "<group>";
		};
		8420628D237AFE950076CDAC /* View Controller */ = {
			isa = PBXGroup;
			children = (
				843C58CA2391073800F5FAB5 /* AddProjectTableViewController.swift */,
				84B5F730238F806B00D344C3 /* SelectIssueTypeTableViewController.swift */,
				84584E28238EDBDD000408AE /* SearchProjectViewController.swift */,
				84584E26238ED999000408AE /* AddIssueViewController.swift */,
				84C340E32388361D00C65AC9 /* ProjectTableViewController.swift */,
				843C8987237AE7460050586E /* BoardViewController.swift */,
				845227CE238CFC61000607A8 /* IssueCollectionViewController.swift */,
				84A51ABF237AF8DD00477B75 /* IssueTableViewController.swift */,
				84F5FF9B238538FB00F2E966 /* DragIssueItem.swift */,
				841D97A8238E674300483928 /* AppNavigationController.swift */,
			);
			path = "View Controller";
			sourceTree = "<group>";
		};
		8420628E237AFE9C0076CDAC /* View */ = {
			isa = PBXGroup;
			children = (
				843C8989237AE7460050586E /* Main.storyboard */,
				843C898E237AE7480050586E /* LaunchScreen.storyboard */,
				84206291237AFED20076CDAC /* Custom Cell */,
				8458B442237CF98500D6D473 /* ShadowView.swift */,
				841B42F123844275000871F6 /* IssueCollectionViewLayout.swift */,
				846B6A8B238CCA7600569BC2 /* IssuePageControlView.swift */,
				845227D0238D22FE000607A8 /* IssueCollectionView.swift */,
				84DB1E01237B0EFA008BB31A /* IssueTableView.swift */,
				84F49AB9238E4C72002B8B93 /* CircleImageView.swift */,
				84F49ABB238E4D04002B8B93 /* AssigneeImageView.swift */,
				841D97AA238E685200483928 /* AppNavigationBar.swift */,
				846757A12390AF0F009BD2DE /* RoundImageView.swift */,
			);
			path = View;
			sourceTree = "<group>";
		};
		8420628F237AFEA20076CDAC /* Extention */ = {
			isa = PBXGroup;
			children = (
				84BF40C0237D47C800600AE7 /* UIPanGestureRecognizer+Extension.swift */,
				84F56A04237C5B56007E6C68 /* UIColor+Extention.swift */,
			);
			path = Extention;
			sourceTree = "<group>";
		};
		84206290237AFEBB0076CDAC /* App */ = {
			isa = PBXGroup;
			children = (
				843C8983237AE7460050586E /* AppDelegate.swift */,
			);
			path = App;
			sourceTree = "<group>";
		};
		84206291237AFED20076CDAC /* Custom Cell */ = {
			isa = PBXGroup;
			children = (
				84B5F732238F860C00D344C3 /* IssueTypeTableViewCell.swift */,
				84C340E52388368900C65AC9 /* ProjectTableViewCell.swift */,
				84B5F72E238F647F00D344C3 /* SearchProjectTableViewCell.swift */,
				8442DC3D237E7DF8008C88C6 /* IssueTableViewCell.swift */,
				8442DC3E237E7DF8008C88C6 /* IssueTableViewCell.xib */,
				8442DC39237E7B92008C88C6 /* IssueCollectionViewCell.swift */,
				8442DC3A237E7B92008C88C6 /* IssueCollectionViewCell.xib */,
				8442DC41237E969C008C88C6 /* Identifier.swift */,
			);
			path = "Custom Cell";
			sourceTree = "<group>";
		};
		843C8977237AE7460050586E = {
			isa = PBXGroup;
			children = (
				843C8982237AE7460050586E /* AgileBoard */,
				843C8981237AE7460050586E /* Products */,
				79FD8BA0861C60C87775EE90 /* Pods */,
				46A71542EFECC73ABABC71F3 /* Frameworks */,
			);
			sourceTree = "<group>";
		};
		843C8981237AE7460050586E /* Products */ = {
			isa = PBXGroup;
			children = (
				843C8980237AE7460050586E /* AgileBoard.app */,
			);
			name = Products;
			sourceTree = "<group>";
		};
		843C8982237AE7460050586E /* AgileBoard */ = {
			isa = PBXGroup;
			children = (
				84206290237AFEBB0076CDAC /* App */,
				8420628F237AFEA20076CDAC /* Extention */,
				8420628E237AFE9C0076CDAC /* View */,
				8420628D237AFE950076CDAC /* View Controller */,
				8468D495238FA755006B02D4 /* Model Controller */,
				8420628A237AFD690076CDAC /* Model */,
				843C898C237AE7480050586E /* Assets.xcassets */,
				843C8991237AE7480050586E /* Info.plist */,
			);
			path = AgileBoard;
			sourceTree = "<group>";
		};
		8468D495238FA755006B02D4 /* Model Controller */ = {
			isa = PBXGroup;
			children = (
				8468D496238FA76E006B02D4 /* IssueTypeController.swift */,
				847A781723878AEC00911851 /* ProjectController.swift */,
				843C58C82391049400F5FAB5 /* AppDataController.swift */,
				8468D498238FBD71006B02D4 /* StatusController.swift */,
				843C58C62390FFF800F5FAB5 /* ProjectIconController.swift */,
			);
			path = "Model Controller";
			sourceTree = "<group>";
		};
/* End PBXGroup section */

/* Begin PBXNativeTarget section */
		843C897F237AE7460050586E /* AgileBoard */ = {
			isa = PBXNativeTarget;
			buildConfigurationList = 843C8994237AE7480050586E /* Build configuration list for PBXNativeTarget "AgileBoard" */;
			buildPhases = (
				F7433027F2738BE92126EF57 /* [CP] Check Pods Manifest.lock */,
				843C897C237AE7460050586E /* Sources */,
				843C897D237AE7460050586E /* Frameworks */,
				843C897E237AE7460050586E /* Resources */,
				D7AA17458AC21CB5EF08EA29 /* [CP] Embed Pods Frameworks */,
			);
			buildRules = (
			);
			dependencies = (
			);
			name = AgileBoard;
			productName = AgileBoard;
			productReference = 843C8980237AE7460050586E /* AgileBoard.app */;
			productType = "com.apple.product-type.application";
		};
/* End PBXNativeTarget section */

/* Begin PBXProject section */
		843C8978237AE7460050586E /* Project object */ = {
			isa = PBXProject;
			attributes = {
				LastSwiftUpdateCheck = 1120;
				LastUpgradeCheck = 1120;
				ORGANIZATIONNAME = Filesoft;
				TargetAttributes = {
					843C897F237AE7460050586E = {
						CreatedOnToolsVersion = 11.2;
					};
				};
			};
			buildConfigurationList = 843C897B237AE7460050586E /* Build configuration list for PBXProject "AgileBoard" */;
			compatibilityVersion = "Xcode 9.3";
			developmentRegion = en;
			hasScannedForEncodings = 0;
			knownRegions = (
				en,
				Base,
			);
			mainGroup = 843C8977237AE7460050586E;
			productRefGroup = 843C8981237AE7460050586E /* Products */;
			projectDirPath = "";
			projectRoot = "";
			targets = (
				843C897F237AE7460050586E /* AgileBoard */,
			);
		};
/* End PBXProject section */

/* Begin PBXResourcesBuildPhase section */
		843C897E237AE7460050586E /* Resources */ = {
			isa = PBXResourcesBuildPhase;
			buildActionMask = 2147483647;
			files = (
				8442DC3C237E7B92008C88C6 /* IssueCollectionViewCell.xib in Resources */,
				8442DC40237E7DF8008C88C6 /* IssueTableViewCell.xib in Resources */,
				843C8990237AE7480050586E /* LaunchScreen.storyboard in Resources */,
				843C898D237AE7480050586E /* Assets.xcassets in Resources */,
				843C898B237AE7460050586E /* Main.storyboard in Resources */,
			);
			runOnlyForDeploymentPostprocessing = 0;
		};
/* End PBXResourcesBuildPhase section */

/* Begin PBXShellScriptBuildPhase section */
		D7AA17458AC21CB5EF08EA29 /* [CP] Embed Pods Frameworks */ = {
			isa = PBXShellScriptBuildPhase;
			buildActionMask = 2147483647;
			files = (
			);
			inputFileListPaths = (
				"${PODS_ROOT}/Target Support Files/Pods-AgileBoard/Pods-AgileBoard-frameworks-${CONFIGURATION}-input-files.xcfilelist",
			);
			name = "[CP] Embed Pods Frameworks";
			outputFileListPaths = (
				"${PODS_ROOT}/Target Support Files/Pods-AgileBoard/Pods-AgileBoard-frameworks-${CONFIGURATION}-output-files.xcfilelist",
			);
			runOnlyForDeploymentPostprocessing = 0;
			shellPath = /bin/sh;
			shellScript = "\"${PODS_ROOT}/Target Support Files/Pods-AgileBoard/Pods-AgileBoard-frameworks.sh\"\n";
			showEnvVarsInLog = 0;
		};
		F7433027F2738BE92126EF57 /* [CP] Check Pods Manifest.lock */ = {
			isa = PBXShellScriptBuildPhase;
			buildActionMask = 2147483647;
			files = (
			);
			inputFileListPaths = (
			);
			inputPaths = (
				"${PODS_PODFILE_DIR_PATH}/Podfile.lock",
				"${PODS_ROOT}/Manifest.lock",
			);
			name = "[CP] Check Pods Manifest.lock";
			outputFileListPaths = (
			);
			outputPaths = (
				"$(DERIVED_FILE_DIR)/Pods-AgileBoard-checkManifestLockResult.txt",
			);
			runOnlyForDeploymentPostprocessing = 0;
			shellPath = /bin/sh;
			shellScript = "diff \"${PODS_PODFILE_DIR_PATH}/Podfile.lock\" \"${PODS_ROOT}/Manifest.lock\" > /dev/null\nif [ $? != 0 ] ; then\n    # print error to STDERR\n    echo \"error: The sandbox is not in sync with the Podfile.lock. Run 'pod install' or update your CocoaPods installation.\" >&2\n    exit 1\nfi\n# This output is used by Xcode 'outputs' to avoid re-running this script phase.\necho \"SUCCESS\" > \"${SCRIPT_OUTPUT_FILE_0}\"\n";
			showEnvVarsInLog = 0;
		};
/* End PBXShellScriptBuildPhase section */

/* Begin PBXSourcesBuildPhase section */
		843C897C237AE7460050586E /* Sources */ = {
			isa = PBXSourcesBuildPhase;
			buildActionMask = 2147483647;
			files = (
				8458B443237CF98500D6D473 /* ShadowView.swift in Sources */,
				843C58C92391049400F5FAB5 /* AppDataController.swift in Sources */,
				841B42F223844275000871F6 /* IssueCollectionViewLayout.swift in Sources */,
				847A78122387745D00911851 /* Board.swift in Sources */,
				84F56A05237C5B56007E6C68 /* UIColor+Extention.swift in Sources */,
				845227CF238CFC61000607A8 /* IssueCollectionViewController.swift in Sources */,
				8468D497238FA76E006B02D4 /* IssueTypeController.swift in Sources */,
				84245EBC238E551300AE479E /* Sprint.swift in Sources */,
				847A78102387711600911851 /* Status.swift in Sources */,
				84F49ABC238E4D04002B8B93 /* AssigneeImageView.swift in Sources */,
				843C8988237AE7460050586E /* BoardViewController.swift in Sources */,
				84584E27238ED999000408AE /* AddIssueViewController.swift in Sources */,
				8442DC3F237E7DF8008C88C6 /* IssueTableViewCell.swift in Sources */,
				84F5FF9C238538FB00F2E966 /* DragIssueItem.swift in Sources */,
				8442DC42237E969C008C88C6 /* Identifier.swift in Sources */,
				843C58C52390FFB600F5FAB5 /* ProjectIcon.swift in Sources */,
				843C58CB2391073800F5FAB5 /* AddProjectTableViewController.swift in Sources */,
				84DB1E02237B0EFA008BB31A /* IssueTableView.swift in Sources */,
				843C8984237AE7460050586E /* AppDelegate.swift in Sources */,
				84BF40C1237D47C800600AE7 /* UIPanGestureRecognizer+Extension.swift in Sources */,
				84A51AC0237AF8DD00477B75 /* IssueTableViewController.swift in Sources */,
				845227D1238D22FE000607A8 /* IssueCollectionView.swift in Sources */,
				84B5F733238F860C00D344C3 /* IssueTypeTableViewCell.swift in Sources */,
				847A781823878AEC00911851 /* ProjectController.swift in Sources */,
				84F49ABA238E4C72002B8B93 /* CircleImageView.swift in Sources */,
				8468D494238FA69F006B02D4 /* IssueType.swift in Sources */,
				846757A22390AF0F009BD2DE /* RoundImageView.swift in Sources */,
				84584E29238EDBDD000408AE /* SearchProjectViewController.swift in Sources */,
				84B5F731238F806B00D344C3 /* SelectIssueTypeTableViewController.swift in Sources */,
				8468D499238FBD71006B02D4 /* StatusController.swift in Sources */,
				846B6A8C238CCA7600569BC2 /* IssuePageControlView.swift in Sources */,
				841D97A9238E674300483928 /* AppNavigationController.swift in Sources */,
				8442DC3B237E7B92008C88C6 /* IssueCollectionViewCell.swift in Sources */,
				843C58C72390FFF800F5FAB5 /* ProjectIconController.swift in Sources */,
				84B5F72F238F647F00D344C3 /* SearchProjectTableViewCell.swift in Sources */,
				84C340E62388368900C65AC9 /* ProjectTableViewCell.swift in Sources */,
				8420628C237AFD7E0076CDAC /* Issue.swift in Sources */,
				847A781623877FB500911851 /* Column.swift in Sources */,
				841D97AB238E685200483928 /* AppNavigationBar.swift in Sources */,
				84C340E42388361D00C65AC9 /* ProjectTableViewController.swift in Sources */,
				847A78142387758F00911851 /* Project.swift in Sources */,
			);
			runOnlyForDeploymentPostprocessing = 0;
		};
/* End PBXSourcesBuildPhase section */

/* Begin PBXVariantGroup section */
		843C8989237AE7460050586E /* Main.storyboard */ = {
			isa = PBXVariantGroup;
			children = (
				843C898A237AE7460050586E /* Base */,
			);
			name = Main.storyboard;
			sourceTree = "<group>";
		};
		843C898E237AE7480050586E /* LaunchScreen.storyboard */ = {
			isa = PBXVariantGroup;
			children = (
				843C898F237AE7480050586E /* Base */,
			);
			name = LaunchScreen.storyboard;
			sourceTree = "<group>";
		};
/* End PBXVariantGroup section */

/* Begin XCBuildConfiguration section */
		843C8992237AE7480050586E /* Debug */ = {
			isa = XCBuildConfiguration;
			buildSettings = {
				ALWAYS_SEARCH_USER_PATHS = NO;
				CLANG_ANALYZER_NONNULL = YES;
				CLANG_ANALYZER_NUMBER_OBJECT_CONVERSION = YES_AGGRESSIVE;
				CLANG_CXX_LANGUAGE_STANDARD = "gnu++14";
				CLANG_CXX_LIBRARY = "libc++";
				CLANG_ENABLE_MODULES = YES;
				CLANG_ENABLE_OBJC_ARC = YES;
				CLANG_ENABLE_OBJC_WEAK = YES;
				CLANG_WARN_BLOCK_CAPTURE_AUTORELEASING = YES;
				CLANG_WARN_BOOL_CONVERSION = YES;
				CLANG_WARN_COMMA = YES;
				CLANG_WARN_CONSTANT_CONVERSION = YES;
				CLANG_WARN_DEPRECATED_OBJC_IMPLEMENTATIONS = YES;
				CLANG_WARN_DIRECT_OBJC_ISA_USAGE = YES_ERROR;
				CLANG_WARN_DOCUMENTATION_COMMENTS = YES;
				CLANG_WARN_EMPTY_BODY = YES;
				CLANG_WARN_ENUM_CONVERSION = YES;
				CLANG_WARN_INFINITE_RECURSION = YES;
				CLANG_WARN_INT_CONVERSION = YES;
				CLANG_WARN_NON_LITERAL_NULL_CONVERSION = YES;
				CLANG_WARN_OBJC_IMPLICIT_RETAIN_SELF = YES;
				CLANG_WARN_OBJC_LITERAL_CONVERSION = YES;
				CLANG_WARN_OBJC_ROOT_CLASS = YES_ERROR;
				CLANG_WARN_RANGE_LOOP_ANALYSIS = YES;
				CLANG_WARN_STRICT_PROTOTYPES = YES;
				CLANG_WARN_SUSPICIOUS_MOVE = YES;
				CLANG_WARN_UNGUARDED_AVAILABILITY = YES_AGGRESSIVE;
				CLANG_WARN_UNREACHABLE_CODE = YES;
				CLANG_WARN__DUPLICATE_METHOD_MATCH = YES;
				COPY_PHASE_STRIP = NO;
				DEBUG_INFORMATION_FORMAT = dwarf;
				ENABLE_STRICT_OBJC_MSGSEND = YES;
				ENABLE_TESTABILITY = YES;
				GCC_C_LANGUAGE_STANDARD = gnu11;
				GCC_DYNAMIC_NO_PIC = NO;
				GCC_NO_COMMON_BLOCKS = YES;
				GCC_OPTIMIZATION_LEVEL = 0;
				GCC_PREPROCESSOR_DEFINITIONS = (
					"DEBUG=1",
					"$(inherited)",
				);
				GCC_WARN_64_TO_32_BIT_CONVERSION = YES;
				GCC_WARN_ABOUT_RETURN_TYPE = YES_ERROR;
				GCC_WARN_UNDECLARED_SELECTOR = YES;
				GCC_WARN_UNINITIALIZED_AUTOS = YES_AGGRESSIVE;
				GCC_WARN_UNUSED_FUNCTION = YES;
				GCC_WARN_UNUSED_VARIABLE = YES;
				IPHONEOS_DEPLOYMENT_TARGET = 13.2;
				MTL_ENABLE_DEBUG_INFO = INCLUDE_SOURCE;
				MTL_FAST_MATH = YES;
				ONLY_ACTIVE_ARCH = YES;
				SDKROOT = iphoneos;
				SWIFT_ACTIVE_COMPILATION_CONDITIONS = DEBUG;
				SWIFT_OPTIMIZATION_LEVEL = "-Onone";
			};
			name = Debug;
		};
		843C8993237AE7480050586E /* Release */ = {
			isa = XCBuildConfiguration;
			buildSettings = {
				ALWAYS_SEARCH_USER_PATHS = NO;
				CLANG_ANALYZER_NONNULL = YES;
				CLANG_ANALYZER_NUMBER_OBJECT_CONVERSION = YES_AGGRESSIVE;
				CLANG_CXX_LANGUAGE_STANDARD = "gnu++14";
				CLANG_CXX_LIBRARY = "libc++";
				CLANG_ENABLE_MODULES = YES;
				CLANG_ENABLE_OBJC_ARC = YES;
				CLANG_ENABLE_OBJC_WEAK = YES;
				CLANG_WARN_BLOCK_CAPTURE_AUTORELEASING = YES;
				CLANG_WARN_BOOL_CONVERSION = YES;
				CLANG_WARN_COMMA = YES;
				CLANG_WARN_CONSTANT_CONVERSION = YES;
				CLANG_WARN_DEPRECATED_OBJC_IMPLEMENTATIONS = YES;
				CLANG_WARN_DIRECT_OBJC_ISA_USAGE = YES_ERROR;
				CLANG_WARN_DOCUMENTATION_COMMENTS = YES;
				CLANG_WARN_EMPTY_BODY = YES;
				CLANG_WARN_ENUM_CONVERSION = YES;
				CLANG_WARN_INFINITE_RECURSION = YES;
				CLANG_WARN_INT_CONVERSION = YES;
				CLANG_WARN_NON_LITERAL_NULL_CONVERSION = YES;
				CLANG_WARN_OBJC_IMPLICIT_RETAIN_SELF = YES;
				CLANG_WARN_OBJC_LITERAL_CONVERSION = YES;
				CLANG_WARN_OBJC_ROOT_CLASS = YES_ERROR;
				CLANG_WARN_RANGE_LOOP_ANALYSIS = YES;
				CLANG_WARN_STRICT_PROTOTYPES = YES;
				CLANG_WARN_SUSPICIOUS_MOVE = YES;
				CLANG_WARN_UNGUARDED_AVAILABILITY = YES_AGGRESSIVE;
				CLANG_WARN_UNREACHABLE_CODE = YES;
				CLANG_WARN__DUPLICATE_METHOD_MATCH = YES;
				COPY_PHASE_STRIP = NO;
				DEBUG_INFORMATION_FORMAT = "dwarf-with-dsym";
				ENABLE_NS_ASSERTIONS = NO;
				ENABLE_STRICT_OBJC_MSGSEND = YES;
				GCC_C_LANGUAGE_STANDARD = gnu11;
				GCC_NO_COMMON_BLOCKS = YES;
				GCC_WARN_64_TO_32_BIT_CONVERSION = YES;
				GCC_WARN_ABOUT_RETURN_TYPE = YES_ERROR;
				GCC_WARN_UNDECLARED_SELECTOR = YES;
				GCC_WARN_UNINITIALIZED_AUTOS = YES_AGGRESSIVE;
				GCC_WARN_UNUSED_FUNCTION = YES;
				GCC_WARN_UNUSED_VARIABLE = YES;
				IPHONEOS_DEPLOYMENT_TARGET = 13.2;
				MTL_ENABLE_DEBUG_INFO = NO;
				MTL_FAST_MATH = YES;
				SDKROOT = iphoneos;
				SWIFT_COMPILATION_MODE = wholemodule;
				SWIFT_OPTIMIZATION_LEVEL = "-O";
				VALIDATE_PRODUCT = YES;
			};
			name = Release;
		};
		843C8995237AE7480050586E /* Debug */ = {
			isa = XCBuildConfiguration;
			baseConfigurationReference = C50DE2C26859733515BCE587 /* Pods-AgileBoard.debug.xcconfig */;
			buildSettings = {
				ASSETCATALOG_COMPILER_APPICON_NAME = AppIcon;
				CODE_SIGN_STYLE = Automatic;
				DEVELOPMENT_TEAM = 9RUFVFAF79;
				INFOPLIST_FILE = AgileBoard/Info.plist;
				IPHONEOS_DEPLOYMENT_TARGET = 11.0;
				LD_RUNPATH_SEARCH_PATHS = (
					"$(inherited)",
					"@executable_path/Frameworks",
				);
				PRODUCT_BUNDLE_IDENTIFIER = filesoft.co.AgileBoard;
				PRODUCT_NAME = "$(TARGET_NAME)";
				SWIFT_VERSION = 5.0;
				TARGETED_DEVICE_FAMILY = 1;
			};
			name = Debug;
		};
		843C8996237AE7480050586E /* Release */ = {
			isa = XCBuildConfiguration;
			baseConfigurationReference = 9A81CE3668EF1D469EACE232 /* Pods-AgileBoard.release.xcconfig */;
			buildSettings = {
				ASSETCATALOG_COMPILER_APPICON_NAME = AppIcon;
				CODE_SIGN_STYLE = Automatic;
				DEVELOPMENT_TEAM = 9RUFVFAF79;
				INFOPLIST_FILE = AgileBoard/Info.plist;
				IPHONEOS_DEPLOYMENT_TARGET = 11.0;
				LD_RUNPATH_SEARCH_PATHS = (
					"$(inherited)",
					"@executable_path/Frameworks",
				);
				PRODUCT_BUNDLE_IDENTIFIER = filesoft.co.AgileBoard;
				PRODUCT_NAME = "$(TARGET_NAME)";
				SWIFT_VERSION = 5.0;
				TARGETED_DEVICE_FAMILY = 1;
			};
			name = Release;
		};
/* End XCBuildConfiguration section */

/* Begin XCConfigurationList section */
		843C897B237AE7460050586E /* Build configuration list for PBXProject "AgileBoard" */ = {
			isa = XCConfigurationList;
			buildConfigurations = (
				843C8992237AE7480050586E /* Debug */,
				843C8993237AE7480050586E /* Release */,
			);
			defaultConfigurationIsVisible = 0;
			defaultConfigurationName = Release;
		};
		843C8994237AE7480050586E /* Build configuration list for PBXNativeTarget "AgileBoard" */ = {
			isa = XCConfigurationList;
			buildConfigurations = (
				843C8995237AE7480050586E /* Debug */,
				843C8996237AE7480050586E /* Release */,
			);
			defaultConfigurationIsVisible = 0;
			defaultConfigurationName = Release;
		};
/* End XCConfigurationList section */
	};
	rootObject = 843C8978237AE7460050586E /* Project object */;
}
